
Microsoft Visual Studio Solution File, Format Version 12.00
# Visual Studio Version 16
VisualStudioVersion = 16.0.31129.286
MinimumVisualStudioVersion = 10.0.40219.1
Project("{2150E333-8FDC-42A3-9474-1A3956D46DE8}") = "Solution Items", "Solution Items", "{82723528-457E-4B9F-BC3D-540C8478064B}"
	ProjectSection(SolutionItems) = preProject
		.gitattributes = .gitattributes
		.gitignore = .gitignore
	EndProjectSection
EndProject
Project("{FAE04EC0-301F-11D3-BF4B-00C04F79EFBC}") = "TaxiWebApi", "TaxiWebApi\TaxiWebApi.csproj", "{7527D311-D3D9-4FE3-9F03-6CCE2A8C1AAA}"
EndProject
Global
	GlobalSection(SolutionConfigurationPlatforms) = preSolution
		Debug|Any CPU = Debug|Any CPU
		Release|Any CPU = Release|Any CPU
	EndGlobalSection
	GlobalSection(ProjectConfigurationPlatforms) = postSolution
		{7527D311-D3D9-4FE3-9F03-6CCE2A8C1AAA}.Debug|Any CPU.ActiveCfg = Debug|Any CPU
		{7527D311-D3D9-4FE3-9F03-6CCE2A8C1AAA}.Debug|Any CPU.Build.0 = Debug|Any CPU
		{7527D311-D3D9-4FE3-9F03-6CCE2A8C1AAA}.Release|Any CPU.ActiveCfg = Release|Any CPU
		{7527D311-D3D9-4FE3-9F03-6CCE2A8C1AAA}.Release|Any CPU.Build.0 = Release|Any CPU
	EndGlobalSection
	GlobalSection(SolutionProperties) = preSolution
		HideSolutionNode = FALSE
	EndGlobalSection
	GlobalSection(ExtensibilityGlobals) = postSolution
		SolutionGuid = {7337AB44-628E-4722-AA56-0A3A6478AD8F}
	EndGlobalSection
EndGlobal
